
Microsoft Visual Studio Solution File, Format Version 12.00
# Visual Studio Version 17
VisualStudioVersion = 17.9.34728.123
MinimumVisualStudioVersion = 10.0.40219.1
Project("{FAE04EC0-301F-11D3-BF4B-00C04F79EFBC}") = "Ac1WebRazor", "Ac1WebRazor\Ac1WebRazor.csproj", "{A1159DDE-630F-46A6-BA80-7A55D2C0B7A0}"
EndProject
Global
	GlobalSection(SolutionConfigurationPlatforms) = preSolution
		Debug|Any CPU = Debug|Any CPU
		Release|Any CPU = Release|Any CPU
	EndGlobalSection
	GlobalSection(ProjectConfigurationPlatforms) = postSolution
		{A1159DDE-630F-46A6-BA80-7A55D2C0B7A0}.Debug|Any CPU.ActiveCfg = Debug|Any CPU
		{A1159DDE-630F-46A6-BA80-7A55D2C0B7A0}.Debug|Any CPU.Build.0 = Debug|Any CPU
		{A1159DDE-630F-46A6-BA80-7A55D2C0B7A0}.Release|Any CPU.ActiveCfg = Release|Any CPU
		{A1159DDE-630F-46A6-BA80-7A55D2C0B7A0}.Release|Any CPU.Build.0 = Release|Any CPU
	EndGlobalSection
	GlobalSection(SolutionProperties) = preSolution
		HideSolutionNode = FALSE
	EndGlobalSection
	GlobalSection(ExtensibilityGlobals) = postSolution
		SolutionGuid = {4CEE6AB4-9E93-4DD3-8923-9DFC58717796}
	EndGlobalSection
EndGlobal
